{
  "name": "angular2-schema-form",
  "version": "1.1.0",
  "lockfileVersion": 1,
  "requires": true,
  "dependencies": {
    "@angular/compiler-cli": {
      "version": "4.4.6",
      "resolved": "https://seyc.pkgs.visualstudio.com/_packaging/Eyc.Sdk.Ui@Release/npm/registry/@angular/compiler-cli/-/compiler-cli-4.4.6.tgz",
      "integrity": "sha1-uv09HiYOmQh+uajPdTLb1gOrubE=",
      "dev": true,
      "requires": {
        "@angular/tsc-wrapped": "4.4.6",
        "minimist": "1.2.0",
        "reflect-metadata": "0.1.10"
      }
    },
    "@angular/platform-server": {
      "version": "4.4.6",
      "resolved": "https://seyc.pkgs.visualstudio.com/_packaging/Eyc.Sdk.Ui@Release/npm/registry/@angular/platform-server/-/platform-server-4.4.6.tgz",
      "integrity": "sha1-QxJI9IkaY1x2rRWhfQPpyH4aODc=",
      "dev": true,
      "requires": {
        "parse5": "3.0.3",
        "tslib": "1.8.0",
        "xhr2": "0.1.4"
      }
    },
    "@angular/tsc-wrapped": {
      "version": "4.4.6",
      "resolved": "https://seyc.pkgs.visualstudio.com/_packaging/Eyc.Sdk.Ui@Release/npm/registry/@angular/tsc-wrapped/-/tsc-wrapped-4.4.6.tgz",
      "integrity": "sha1-Fnh8u/UL3H5zgSOxnDJSfyROF40=",
      "dev": true,
      "requires": {
        "tsickle": "0.21.6"
      }
    },
    "@team-griffin/install-self-peers": {
      "version": "1.1.1",
      "resolved": "https://seyc.pkgs.visualstudio.com/_packaging/Eyc.Sdk.Ui@Release/npm/registry/@team-griffin/install-self-peers/-/install-self-peers-1.1.1.tgz",
      "integrity": "sha1-3g/TVL4/RN/YTdebwBHYo68441Q=",
      "dev": true,
      "requires": {
        "cross-spawn": "5.1.0",
        "minimist": "1.2.0",
        "ramda": "0.23.0"
      }
    },
    "@types/jasmine": {
      "version": "2.5.38",
      "resolved": "https://seyc.pkgs.visualstudio.com/_packaging/Eyc.Sdk.Ui@Release/npm/registry/@types/jasmine/-/jasmine-2.5.38.tgz",
      "integrity": "sha1-pDeRJMSSHU4h3lTsdGacnps1Zxc=",
      "dev": true
    },
    "@types/node": {
      "version": "6.0.60",
      "resolved": "https://seyc.pkgs.visualstudio.com/_packaging/Eyc.Sdk.Ui@Release/npm/registry/@types/node/-/node-6.0.60.tgz",
      "integrity": "sha1-5+E068Z0rm7ZPDbHZ3ObEQ0sV/w=",
      "dev": true
    },
    "balanced-match": {
      "version": "1.0.0",
      "resolved": "https://seyc.pkgs.visualstudio.com/_packaging/Eyc.Sdk.Ui@Release/npm/registry/balanced-match/-/balanced-match-1.0.0.tgz",
      "integrity": "sha1-ibTRmasr7kneFk6gK4nORi1xt2c=",
      "dev": true
    },
    "body-parser": {
      "version": "1.18.2",
      "resolved": "https://seyc.pkgs.visualstudio.com/_packaging/Eyc.Sdk.Ui@Release/npm/registry/body-parser/-/body-parser-1.18.2.tgz",
      "integrity": "sha1-h2eKGdhLR9hZuDGZvVm84iKxBFQ=",
      "requires": {
        "bytes": "3.0.0",
        "content-type": "1.0.4",
        "debug": "2.6.9",
        "depd": "1.1.1",
        "http-errors": "1.6.2",
        "iconv-lite": "0.4.19",
        "on-finished": "2.3.0",
        "qs": "6.5.1",
        "raw-body": "2.3.2",
        "type-is": "1.6.15"
      }
    },
    "brace-expansion": {
      "version": "1.1.8",
      "resolved": "https://seyc.pkgs.visualstudio.com/_packaging/Eyc.Sdk.Ui@Release/npm/registry/brace-expansion/-/brace-expansion-1.1.8.tgz",
      "integrity": "sha1-wHshHHyVLsH479Uad+8NHTmQopI=",
      "dev": true,
      "requires": {
        "balanced-match": "1.0.0",
        "concat-map": "0.0.1"
      }
    },
    "bytes": {
      "version": "3.0.0",
      "resolved": "https://seyc.pkgs.visualstudio.com/_packaging/Eyc.Sdk.Ui@Release/npm/registry/bytes/-/bytes-3.0.0.tgz",
      "integrity": "sha1-0ygVQE1olpn4Wk6k+odV3ROpYEg="
    },
    "commander": {
      "version": "2.11.0",
      "resolved": "https://seyc.pkgs.visualstudio.com/_packaging/Eyc.Sdk.Ui@Release/npm/registry/commander/-/commander-2.11.0.tgz",
      "integrity": "sha512-b0553uYA5YAEGgyYIGYROzKQ7X5RAqedkfjiZxwi0kL1g3bOaBNNZfYkzt/CL0umgD5wc9Jec2FbB98CjkMRvQ==",
      "optional": true
    },
    "concat-map": {
      "version": "0.0.1",
      "resolved": "https://seyc.pkgs.visualstudio.com/_packaging/Eyc.Sdk.Ui@Release/npm/registry/concat-map/-/concat-map-0.0.1.tgz",
      "integrity": "sha1-2Klr13/Wjfd5OnMDajug1UBdR3s=",
      "dev": true
    },
    "content-type": {
      "version": "1.0.4",
      "resolved": "https://seyc.pkgs.visualstudio.com/_packaging/Eyc.Sdk.Ui@Release/npm/registry/content-type/-/content-type-1.0.4.tgz",
      "integrity": "sha512-hIP3EEPs8tB9AT1L+NUqtwOAps4mk2Zob89MWXMHjHWg9milF/j4osnnQLXBCBFBk/tvIG/tUc9mOUJiPBhPXA=="
    },
    "cross-spawn": {
      "version": "5.1.0",
      "resolved": "https://seyc.pkgs.visualstudio.com/_packaging/Eyc.Sdk.Ui@Release/npm/registry/cross-spawn/-/cross-spawn-5.1.0.tgz",
      "integrity": "sha1-6L0O/uWPz/b4+UUQoKVUu/ojVEk=",
      "dev": true,
      "requires": {
        "lru-cache": "4.1.1",
        "shebang-command": "1.2.0",
        "which": "1.3.0"
      }
    },
    "debug": {
      "version": "2.6.9",
      "resolved": "https://seyc.pkgs.visualstudio.com/_packaging/Eyc.Sdk.Ui@Release/npm/registry/debug/-/debug-2.6.9.tgz",
      "integrity": "sha512-bC7ElrdJaJnPbAP+1EotYvqZsb3ecl5wi6Bfi6BJTUcNowp6cvspg0jXznRTKDjm/E7AdgFBVeAPVMNcKGsHMA==",
      "requires": {
        "ms": "2.0.0"
      }
    },
    "depd": {
      "version": "1.1.1",
      "resolved": "https://seyc.pkgs.visualstudio.com/_packaging/Eyc.Sdk.Ui@Release/npm/registry/depd/-/depd-1.1.1.tgz",
      "integrity": "sha1-V4O04cRZ8G+lyif5kfPQbnoxA1k="
    },
    "ee-first": {
      "version": "1.1.1",
      "resolved": "https://seyc.pkgs.visualstudio.com/_packaging/Eyc.Sdk.Ui@Release/npm/registry/ee-first/-/ee-first-1.1.1.tgz",
      "integrity": "sha1-WQxhFWsK4vTwJVcyoViyZrxWsh0="
    },
    "fs.realpath": {
      "version": "1.0.0",
      "resolved": "https://seyc.pkgs.visualstudio.com/_packaging/Eyc.Sdk.Ui@Release/npm/registry/fs.realpath/-/fs.realpath-1.0.0.tgz",
      "integrity": "sha1-FQStJSMVjKpA20onh8sBQRmU6k8=",
      "dev": true
    },
    "glob": {
      "version": "7.1.2",
      "resolved": "https://seyc.pkgs.visualstudio.com/_packaging/Eyc.Sdk.Ui@Release/npm/registry/glob/-/glob-7.1.2.tgz",
      "integrity": "sha512-MJTUg1kjuLeQCJ+ccE4Vpa6kKVXkPYJ2mOCQyUuKLcLQsdrMCpBPUi8qVE6+YuaJkozeA9NusTAw3hLr8Xe5EQ==",
      "dev": true,
      "requires": {
        "fs.realpath": "1.0.0",
        "inflight": "1.0.6",
        "inherits": "2.0.3",
        "minimatch": "3.0.4",
        "once": "1.4.0",
        "path-is-absolute": "1.0.1"
      }
    },
    "http-errors": {
      "version": "1.6.2",
      "resolved": "https://seyc.pkgs.visualstudio.com/_packaging/Eyc.Sdk.Ui@Release/npm/registry/http-errors/-/http-errors-1.6.2.tgz",
      "integrity": "sha1-CgAsyFcHGSp+eUbO7cERVfYOxzY=",
      "requires": {
        "depd": "1.1.1",
        "inherits": "2.0.3",
        "setprototypeof": "1.0.3",
        "statuses": "1.4.0"
      }
    },
    "iconv-lite": {
      "version": "0.4.19",
      "resolved": "https://seyc.pkgs.visualstudio.com/_packaging/Eyc.Sdk.Ui@Release/npm/registry/iconv-lite/-/iconv-lite-0.4.19.tgz",
      "integrity": "sha512-oTZqweIP51xaGPI4uPa56/Pri/480R+mo7SeU+YETByQNhDG55ycFyNLIgta9vXhILrxXDmF7ZGhqZIcuN0gJQ=="
    },
    "inflight": {
      "version": "1.0.6",
      "resolved": "https://seyc.pkgs.visualstudio.com/_packaging/Eyc.Sdk.Ui@Release/npm/registry/inflight/-/inflight-1.0.6.tgz",
      "integrity": "sha1-Sb1jMdfQLQwJvJEKEHW6gWW1bfk=",
      "dev": true,
      "requires": {
        "once": "1.4.0",
        "wrappy": "1.0.2"
      }
    },
    "inherits": {
      "version": "2.0.3",
      "resolved": "https://seyc.pkgs.visualstudio.com/_packaging/Eyc.Sdk.Ui@Release/npm/registry/inherits/-/inherits-2.0.3.tgz",
      "integrity": "sha1-Yzwsg+PaQqUC9SRmAiSA9CCCYd4="
    },
    "isexe": {
      "version": "2.0.0",
      "resolved": "https://seyc.pkgs.visualstudio.com/_packaging/Eyc.Sdk.Ui@Release/npm/registry/isexe/-/isexe-2.0.0.tgz",
      "integrity": "sha1-6PvzdNxVb/iUehDcsFctYz8s+hA=",
      "dev": true
    },
    "lodash.get": {
      "version": "4.4.2",
      "resolved": "https://seyc.pkgs.visualstudio.com/_packaging/Eyc.Sdk.Ui@Release/npm/registry/lodash.get/-/lodash.get-4.4.2.tgz",
      "integrity": "sha1-LRd/ZS+jHpObRDjVNBSZ36OCXpk="
    },
    "lodash.isequal": {
      "version": "4.5.0",
      "resolved": "https://seyc.pkgs.visualstudio.com/_packaging/Eyc.Sdk.Ui@Release/npm/registry/lodash.isequal/-/lodash.isequal-4.5.0.tgz",
      "integrity": "sha1-QVxEePK8wwEgwizhDtMib30+GOA="
    },
    "lru-cache": {
      "version": "4.1.1",
      "resolved": "https://seyc.pkgs.visualstudio.com/_packaging/Eyc.Sdk.Ui@Release/npm/registry/lru-cache/-/lru-cache-4.1.1.tgz",
      "integrity": "sha512-q4spe4KTfsAS1SUHLO0wz8Qiyf1+vMIAgpRYioFYDMNqKfHQbg+AVDH3i4fvpl71/P1L0dBl+fQi+P37UYf0ew==",
      "dev": true,
      "requires": {
        "pseudomap": "1.0.2",
        "yallist": "2.1.2"
      }
    },
    "media-typer": {
      "version": "0.3.0",
      "resolved": "https://seyc.pkgs.visualstudio.com/_packaging/Eyc.Sdk.Ui@Release/npm/registry/media-typer/-/media-typer-0.3.0.tgz",
      "integrity": "sha1-hxDXrwqmJvj/+hzgAWhUUmMlV0g="
    },
    "methods": {
      "version": "1.1.2",
      "resolved": "https://seyc.pkgs.visualstudio.com/_packaging/Eyc.Sdk.Ui@Release/npm/registry/methods/-/methods-1.1.2.tgz",
      "integrity": "sha1-VSmk1nZUE07cxSZmVoNbD4Ua/O4="
    },
    "mime-db": {
      "version": "1.30.0",
      "resolved": "https://seyc.pkgs.visualstudio.com/_packaging/Eyc.Sdk.Ui@Release/npm/registry/mime-db/-/mime-db-1.30.0.tgz",
      "integrity": "sha1-dMZD2i3Z1qRTmZY0ZbJtXKfXHwE="
    },
    "mime-types": {
      "version": "2.1.17",
      "resolved": "https://seyc.pkgs.visualstudio.com/_packaging/Eyc.Sdk.Ui@Release/npm/registry/mime-types/-/mime-types-2.1.17.tgz",
      "integrity": "sha1-Cdejk/A+mVp5+K+Fe3Cp4KsWVXo=",
      "requires": {
        "mime-db": "1.30.0"
      }
    },
    "minimatch": {
      "version": "3.0.4",
      "resolved": "https://seyc.pkgs.visualstudio.com/_packaging/Eyc.Sdk.Ui@Release/npm/registry/minimatch/-/minimatch-3.0.4.tgz",
      "integrity": "sha512-yJHVQEhyqPLUTgt9B83PXu6W3rx4MvvHvSUvToogpwoGDOUQ+yDrR0HRot+yOCdCO7u4hX3pWft6kWBBcqh0UA==",
      "dev": true,
      "requires": {
        "brace-expansion": "1.1.8"
      }
    },
    "minimist": {
      "version": "1.2.0",
      "resolved": "https://seyc.pkgs.visualstudio.com/_packaging/Eyc.Sdk.Ui@Release/npm/registry/minimist/-/minimist-1.2.0.tgz",
      "integrity": "sha1-o1AIsg9BOD7sH7kU9M1d95omQoQ=",
      "dev": true
    },
    "mkdirp": {
      "version": "0.5.1",
      "resolved": "https://seyc.pkgs.visualstudio.com/_packaging/Eyc.Sdk.Ui@Release/npm/registry/mkdirp/-/mkdirp-0.5.1.tgz",
      "integrity": "sha1-MAV0OOrGz3+MR2fzhkjWaX11yQM=",
      "dev": true,
      "requires": {
        "minimist": "0.0.8"
      },
      "dependencies": {
        "minimist": {
          "version": "0.0.8",
          "resolved": "https://seyc.pkgs.visualstudio.com/_packaging/Eyc.Sdk.Ui@Release/npm/registry/minimist/-/minimist-0.0.8.tgz",
          "integrity": "sha1-hX/Kv8M5fSYluCKCYuhqp6ARsF0=",
          "dev": true
        }
      }
    },
    "ms": {
      "version": "2.0.0",
      "resolved": "https://seyc.pkgs.visualstudio.com/_packaging/Eyc.Sdk.Ui@Release/npm/registry/ms/-/ms-2.0.0.tgz",
      "integrity": "sha1-VgiurfwAvmwpAd9fmGF4jeDVl8g="
    },
    "on-finished": {
      "version": "2.3.0",
      "resolved": "https://seyc.pkgs.visualstudio.com/_packaging/Eyc.Sdk.Ui@Release/npm/registry/on-finished/-/on-finished-2.3.0.tgz",
      "integrity": "sha1-IPEzZIGwg811M3mSoWlxqi2QaUc=",
      "requires": {
        "ee-first": "1.1.1"
      }
    },
    "once": {
      "version": "1.4.0",
      "resolved": "https://seyc.pkgs.visualstudio.com/_packaging/Eyc.Sdk.Ui@Release/npm/registry/once/-/once-1.4.0.tgz",
      "integrity": "sha1-WDsap3WWHUsROsF9nFC6753Xa9E=",
      "dev": true,
      "requires": {
        "wrappy": "1.0.2"
      }
    },
    "parse5": {
      "version": "3.0.3",
      "resolved": "https://seyc.pkgs.visualstudio.com/_packaging/Eyc.Sdk.Ui@Release/npm/registry/parse5/-/parse5-3.0.3.tgz",
      "integrity": "sha512-rgO9Zg5LLLkfJF9E6CCmXlSE4UVceloys8JrFqCcHloC3usd/kJCyPDwH2SOlzix2j3xaP9sUX3e8+kvkuleAA==",
      "dev": true,
      "requires": {
        "@types/node": "6.0.60"
      }
    },
    "path-is-absolute": {
      "version": "1.0.1",
      "resolved": "https://seyc.pkgs.visualstudio.com/_packaging/Eyc.Sdk.Ui@Release/npm/registry/path-is-absolute/-/path-is-absolute-1.0.1.tgz",
      "integrity": "sha1-F0uSaHNVNP+8es5r9TpanhtcX18=",
      "dev": true
    },
    "pseudomap": {
      "version": "1.0.2",
      "resolved": "https://seyc.pkgs.visualstudio.com/_packaging/Eyc.Sdk.Ui@Release/npm/registry/pseudomap/-/pseudomap-1.0.2.tgz",
      "integrity": "sha1-8FKijacOYYkX7wqKw0wa5aaChrM=",
      "dev": true
    },
    "qs": {
      "version": "6.5.1",
      "resolved": "https://seyc.pkgs.visualstudio.com/_packaging/Eyc.Sdk.Ui@Release/npm/registry/qs/-/qs-6.5.1.tgz",
      "integrity": "sha512-eRzhrN1WSINYCDCbrz796z37LOe3m5tmW7RQf6oBntukAG1nmovJvhnwHHRMAfeoItc1m2Hk02WER2aQ/iqs+A=="
    },
    "ramda": {
      "version": "0.23.0",
      "resolved": "https://seyc.pkgs.visualstudio.com/_packaging/Eyc.Sdk.Ui@Release/npm/registry/ramda/-/ramda-0.23.0.tgz",
      "integrity": "sha1-zNE//3NJepOXTj6GMnv9h71ujis=",
      "dev": true
    },
    "raw-body": {
      "version": "2.3.2",
      "resolved": "https://seyc.pkgs.visualstudio.com/_packaging/Eyc.Sdk.Ui@Release/npm/registry/raw-body/-/raw-body-2.3.2.tgz",
      "integrity": "sha1-vNYMd9Prk83gBQKVw/N5OJvIj4k=",
      "requires": {
        "bytes": "3.0.0",
        "http-errors": "1.6.2",
        "iconv-lite": "0.4.19",
        "unpipe": "1.0.0"
      }
    },
    "raw-loader": {
      "version": "0.5.1",
      "resolved": "https://seyc.pkgs.visualstudio.com/_packaging/Eyc.Sdk.Ui@Release/npm/registry/raw-loader/-/raw-loader-0.5.1.tgz",
      "integrity": "sha1-DD0L6u2KAclm2Xh793goElKpeao="
    },
    "reflect-metadata": {
      "version": "0.1.10",
      "resolved": "https://seyc.pkgs.visualstudio.com/_packaging/Eyc.Sdk.Ui@Release/npm/registry/reflect-metadata/-/reflect-metadata-0.1.10.tgz",
      "integrity": "sha1-tPg3BEFqytiZiMmxVjXUfgO5NEo=",
      "dev": true
    },
    "rimraf": {
      "version": "2.6.2",
      "resolved": "https://seyc.pkgs.visualstudio.com/_packaging/Eyc.Sdk.Ui@Release/npm/registry/rimraf/-/rimraf-2.6.2.tgz",
      "integrity": "sha512-lreewLK/BlghmxtfH36YYVg1i8IAce4TI7oao75I1g245+6BctqTVQiBP3YUJ9C6DQOXJmkYR9X9fCLtCOJc5w==",
      "dev": true,
      "requires": {
        "glob": "7.1.2"
      }
    },
    "setprototypeof": {
      "version": "1.0.3",
      "resolved": "https://seyc.pkgs.visualstudio.com/_packaging/Eyc.Sdk.Ui@Release/npm/registry/setprototypeof/-/setprototypeof-1.0.3.tgz",
      "integrity": "sha1-ZlZ+NwQ+608E2RvWWMDL77VbjgQ="
    },
    "shebang-command": {
      "version": "1.2.0",
      "resolved": "https://seyc.pkgs.visualstudio.com/_packaging/Eyc.Sdk.Ui@Release/npm/registry/shebang-command/-/shebang-command-1.2.0.tgz",
      "integrity": "sha1-RKrGW2lbAzmJaMOfNj/uXer98eo=",
      "dev": true,
      "requires": {
        "shebang-regex": "1.0.0"
      }
    },
    "shebang-regex": {
      "version": "1.0.0",
      "resolved": "https://seyc.pkgs.visualstudio.com/_packaging/Eyc.Sdk.Ui@Release/npm/registry/shebang-regex/-/shebang-regex-1.0.0.tgz",
      "integrity": "sha1-2kL0l0DAtC2yypcoVxyxkMmO/qM=",
      "dev": true
    },
    "source-map": {
      "version": "0.5.7",
      "resolved": "https://seyc.pkgs.visualstudio.com/_packaging/Eyc.Sdk.Ui@Release/npm/registry/source-map/-/source-map-0.5.7.tgz",
      "integrity": "sha1-igOdLRAh0i0eoUyA2OpGi6LvP8w=",
      "dev": true
    },
    "source-map-support": {
      "version": "0.4.18",
      "resolved": "https://seyc.pkgs.visualstudio.com/_packaging/Eyc.Sdk.Ui@Release/npm/registry/source-map-support/-/source-map-support-0.4.18.tgz",
      "integrity": "sha512-try0/JqxPLF9nOjvSta7tVondkP5dwgyLDjVoyMDlmjugT2lRZ1OfsrYTkCd2hkDnJTKRbO/Rl3orm8vlsUzbA==",
      "dev": true,
      "requires": {
        "source-map": "0.5.7"
      }
    },
    "statuses": {
      "version": "1.4.0",
      "resolved": "https://seyc.pkgs.visualstudio.com/_packaging/Eyc.Sdk.Ui@Release/npm/registry/statuses/-/statuses-1.4.0.tgz",
      "integrity": "sha512-zhSCtt8v2NDrRlPQpCNtw/heZLtfUDqxBM1udqikb/Hbk52LK4nQSwr10u77iopCW5LsyHpuXS0GnEc48mLeew=="
    },
    "tsickle": {
      "version": "0.21.6",
      "resolved": "https://seyc.pkgs.visualstudio.com/_packaging/Eyc.Sdk.Ui@Release/npm/registry/tsickle/-/tsickle-0.21.6.tgz",
      "integrity": "sha1-U7Abl5xcE/2xOvs/uVgXflmRWI0=",
      "dev": true,
      "requires": {
        "minimist": "1.2.0",
        "mkdirp": "0.5.1",
        "source-map": "0.5.7",
        "source-map-support": "0.4.18"
      }
    },
    "tslib": {
      "version": "1.8.0",
      "resolved": "https://seyc.pkgs.visualstudio.com/_packaging/Eyc.Sdk.Ui@Release/npm/registry/tslib/-/tslib-1.8.0.tgz",
      "integrity": "sha512-ymKWWZJST0/CkgduC2qkzjMOWr4bouhuURNXCn/inEX0L57BnRG6FhX76o7FOnsjHazCjfU2LKeSrlS2sIKQJg==",
      "dev": true
    },
    "type-is": {
      "version": "1.6.15",
      "resolved": "https://seyc.pkgs.visualstudio.com/_packaging/Eyc.Sdk.Ui@Release/npm/registry/type-is/-/type-is-1.6.15.tgz",
      "integrity": "sha1-yrEPtJCeRByChC6v4a1kbIGARBA=",
      "requires": {
        "media-typer": "0.3.0",
        "mime-types": "2.1.17"
      }
    },
    "unpipe": {
      "version": "1.0.0",
      "resolved": "https://seyc.pkgs.visualstudio.com/_packaging/Eyc.Sdk.Ui@Release/npm/registry/unpipe/-/unpipe-1.0.0.tgz",
      "integrity": "sha1-sr9O6FFKrmFltIF4KdIbLvSZBOw="
    },
    "validator": {
      "version": "9.1.1",
      "resolved": "https://seyc.pkgs.visualstudio.com/_packaging/Eyc.Sdk.Ui@Release/npm/registry/validator/-/validator-9.1.1.tgz",
      "integrity": "sha512-1TGGX1GKilfmcEa9rm+9nI9AqIUQK8oj4jZI0DmTGLTPM5jmowBBhyBIHCks73+P1QPZk2i6oOYUq583uOetHQ=="
    },
    "which": {
      "version": "1.3.0",
      "resolved": "https://seyc.pkgs.visualstudio.com/_packaging/Eyc.Sdk.Ui@Release/npm/registry/which/-/which-1.3.0.tgz",
      "integrity": "sha512-xcJpopdamTuY5duC/KnTTNBraPK54YwpenP4lzxU8H91GudWpFv38u0CKjclE1Wi2EH2EDz5LRcHcKbCIzqGyg==",
      "dev": true,
      "requires": {
        "isexe": "2.0.0"
      }
    },
    "wrappy": {
      "version": "1.0.2",
      "resolved": "https://seyc.pkgs.visualstudio.com/_packaging/Eyc.Sdk.Ui@Release/npm/registry/wrappy/-/wrappy-1.0.2.tgz",
      "integrity": "sha1-tSQ9jz7BqjXxNkYFvA0QNuMKtp8=",
      "dev": true
    },
    "xhr2": {
      "version": "0.1.4",
      "resolved": "https://seyc.pkgs.visualstudio.com/_packaging/Eyc.Sdk.Ui@Release/npm/registry/xhr2/-/xhr2-0.1.4.tgz",
      "integrity": "sha1-f4dliEdxbbUCYyOBL4GMras4el8=",
      "dev": true
    },
    "yallist": {
      "version": "2.1.2",
      "resolved": "https://seyc.pkgs.visualstudio.com/_packaging/Eyc.Sdk.Ui@Release/npm/registry/yallist/-/yallist-2.1.2.tgz",
      "integrity": "sha1-HBH5IY8HYImkfdUS+TxmmaaoHVI=",
      "dev": true
    },
    "z-schema": {
      "version": "3.19.0",
      "resolved": "https://seyc.pkgs.visualstudio.com/_packaging/Eyc.Sdk.Ui@Release/npm/registry/z-schema/-/z-schema-3.19.0.tgz",
      "integrity": "sha512-V94f3ODuluBS4kQLLjNhwoMek0dyIXCsvNu/A17dAyJ6sMhT5KkJQwSn07R0naByLIXJWMDk+ruMfI/3G3hS4Q==",
      "requires": {
        "commander": "2.11.0",
        "lodash.get": "4.4.2",
        "lodash.isequal": "4.5.0",
        "validator": "9.1.1"
      }
    }
  }
}
